
Microsoft Visual Studio Solution File, Format Version 12.00
# Visual Studio 15
VisualStudioVersion = 15.0.27703.2042
MinimumVisualStudioVersion = 10.0.40219.1
Project("{FAE04EC0-301F-11D3-BF4B-00C04F79EFBC}") = "Pattern2", "Pattern2\Pattern2.csproj", "{F20E5303-E501-41BD-8919-1CFB80BF9360}"
EndProject
Global
	GlobalSection(SolutionConfigurationPlatforms) = preSolution
		Debug|Any CPU = Debug|Any CPU
		Release|Any CPU = Release|Any CPU
	EndGlobalSection
	GlobalSection(ProjectConfigurationPlatforms) = postSolution
		{F20E5303-E501-41BD-8919-1CFB80BF9360}.Debug|Any CPU.ActiveCfg = Debug|Any CPU
		{F20E5303-E501-41BD-8919-1CFB80BF9360}.Debug|Any CPU.Build.0 = Debug|Any CPU
		{F20E5303-E501-41BD-8919-1CFB80BF9360}.Release|Any CPU.ActiveCfg = Release|Any CPU
		{F20E5303-E501-41BD-8919-1CFB80BF9360}.Release|Any CPU.Build.0 = Release|Any CPU
	EndGlobalSection
	GlobalSection(SolutionProperties) = preSolution
		HideSolutionNode = FALSE
	EndGlobalSection
	GlobalSection(ExtensibilityGlobals) = postSolution
		SolutionGuid = {AFF9AE1E-EC59-4EDD-A5AC-BB4DA804971C}
	EndGlobalSection
EndGlobal
